
Microsoft Visual Studio Solution File, Format Version 11.00
# Visual Studio 2010
Project("{FAE04EC0-301F-11D3-BF4B-00C04F79EFBC}") = "Stealphiz 22-01", "Assembly-CSharp.csproj", "{6B016B59-7EAA-D43F-1F57-BA873B9B10C1}"
EndProject
Project("{FAE04EC0-301F-11D3-BF4B-00C04F79EFBC}") = "Stealphiz 22-01", "Assembly-CSharp-Editor.csproj", "{B7A9FFB6-CF95-E544-93CD-0561EBC68353}"
EndProject
Global
	GlobalSection(SolutionConfigurationPlatforms) = preSolution
		Debug|Any CPU = Debug|Any CPU
		Release|Any CPU = Release|Any CPU
	EndGlobalSection
	GlobalSection(ProjectConfigurationPlatforms) = postSolution
		{6B016B59-7EAA-D43F-1F57-BA873B9B10C1}.Debug|Any CPU.ActiveCfg = Debug|Any CPU
		{6B016B59-7EAA-D43F-1F57-BA873B9B10C1}.Debug|Any CPU.Build.0 = Debug|Any CPU
		{6B016B59-7EAA-D43F-1F57-BA873B9B10C1}.Release|Any CPU.ActiveCfg = Release|Any CPU
		{6B016B59-7EAA-D43F-1F57-BA873B9B10C1}.Release|Any CPU.Build.0 = Release|Any CPU
		{B7A9FFB6-CF95-E544-93CD-0561EBC68353}.Debug|Any CPU.ActiveCfg = Debug|Any CPU
		{B7A9FFB6-CF95-E544-93CD-0561EBC68353}.Debug|Any CPU.Build.0 = Debug|Any CPU
		{B7A9FFB6-CF95-E544-93CD-0561EBC68353}.Release|Any CPU.ActiveCfg = Release|Any CPU
		{B7A9FFB6-CF95-E544-93CD-0561EBC68353}.Release|Any CPU.Build.0 = Release|Any CPU
	EndGlobalSection
	GlobalSection(SolutionProperties) = preSolution
		HideSolutionNode = FALSE
	EndGlobalSection
	GlobalSection(MonoDevelopProperties) = preSolution
		StartupItem = Assembly-CSharp.csproj
	EndGlobalSection
EndGlobal
