
Microsoft Visual Studio Solution File, Format Version 11.00
# Visual Studio 2010
Project("{FAE04EC0-301F-11D3-BF4B-00C04F79EFBC}") = "Stealphiz 23-01", "Assembly-CSharp.csproj", "{6F918C4B-2D7B-8C9F-2328-816C0FE29D8A}"
EndProject
Project("{FAE04EC0-301F-11D3-BF4B-00C04F79EFBC}") = "Stealphiz 23-01", "Assembly-CSharp-Editor.csproj", "{79DAC6E8-CA7F-0187-14B8-1AF26F9C6EA7}"
EndProject
Global
	GlobalSection(SolutionConfigurationPlatforms) = preSolution
		Debug|Any CPU = Debug|Any CPU
		Release|Any CPU = Release|Any CPU
	EndGlobalSection
	GlobalSection(ProjectConfigurationPlatforms) = postSolution
		{6F918C4B-2D7B-8C9F-2328-816C0FE29D8A}.Debug|Any CPU.ActiveCfg = Debug|Any CPU
		{6F918C4B-2D7B-8C9F-2328-816C0FE29D8A}.Debug|Any CPU.Build.0 = Debug|Any CPU
		{6F918C4B-2D7B-8C9F-2328-816C0FE29D8A}.Release|Any CPU.ActiveCfg = Release|Any CPU
		{6F918C4B-2D7B-8C9F-2328-816C0FE29D8A}.Release|Any CPU.Build.0 = Release|Any CPU
		{79DAC6E8-CA7F-0187-14B8-1AF26F9C6EA7}.Debug|Any CPU.ActiveCfg = Debug|Any CPU
		{79DAC6E8-CA7F-0187-14B8-1AF26F9C6EA7}.Debug|Any CPU.Build.0 = Debug|Any CPU
		{79DAC6E8-CA7F-0187-14B8-1AF26F9C6EA7}.Release|Any CPU.ActiveCfg = Release|Any CPU
		{79DAC6E8-CA7F-0187-14B8-1AF26F9C6EA7}.Release|Any CPU.Build.0 = Release|Any CPU
	EndGlobalSection
	GlobalSection(SolutionProperties) = preSolution
		HideSolutionNode = FALSE
	EndGlobalSection
	GlobalSection(MonoDevelopProperties) = preSolution
		StartupItem = Assembly-CSharp.csproj
	EndGlobalSection
EndGlobal
