
Microsoft Visual Studio Solution File, Format Version 11.00
# Visual Studio 2010
Project("{FAE04EC0-301F-11D3-BF4B-00C04F79EFBC}") = "Stealphiz 14-01", "Assembly-CSharp.csproj", "{89AF09B9-BADB-8C1F-788F-DFE7A4BFDFF3}"
EndProject
Project("{FAE04EC0-301F-11D3-BF4B-00C04F79EFBC}") = "Stealphiz 14-01", "Assembly-CSharp-Editor.csproj", "{7D185079-D038-D1F4-13F8-7E1822BB285D}"
EndProject
Global
	GlobalSection(SolutionConfigurationPlatforms) = preSolution
		Debug|Any CPU = Debug|Any CPU
		Release|Any CPU = Release|Any CPU
	EndGlobalSection
	GlobalSection(ProjectConfigurationPlatforms) = postSolution
		{89AF09B9-BADB-8C1F-788F-DFE7A4BFDFF3}.Debug|Any CPU.ActiveCfg = Debug|Any CPU
		{89AF09B9-BADB-8C1F-788F-DFE7A4BFDFF3}.Debug|Any CPU.Build.0 = Debug|Any CPU
		{89AF09B9-BADB-8C1F-788F-DFE7A4BFDFF3}.Release|Any CPU.ActiveCfg = Release|Any CPU
		{89AF09B9-BADB-8C1F-788F-DFE7A4BFDFF3}.Release|Any CPU.Build.0 = Release|Any CPU
		{7D185079-D038-D1F4-13F8-7E1822BB285D}.Debug|Any CPU.ActiveCfg = Debug|Any CPU
		{7D185079-D038-D1F4-13F8-7E1822BB285D}.Debug|Any CPU.Build.0 = Debug|Any CPU
		{7D185079-D038-D1F4-13F8-7E1822BB285D}.Release|Any CPU.ActiveCfg = Release|Any CPU
		{7D185079-D038-D1F4-13F8-7E1822BB285D}.Release|Any CPU.Build.0 = Release|Any CPU
	EndGlobalSection
	GlobalSection(SolutionProperties) = preSolution
		HideSolutionNode = FALSE
	EndGlobalSection
	GlobalSection(MonoDevelopProperties) = preSolution
		StartupItem = Assembly-CSharp.csproj
	EndGlobalSection
EndGlobal
