
Microsoft Visual Studio Solution File, Format Version 11.00
# Visual Studio 2010
Project("{FAE04EC0-301F-11D3-BF4B-00C04F79EFBC}") = "Stealphiz 17-01", "Assembly-CSharp.csproj", "{16889814-3C38-82F8-EECA-1EE70DCFF8F0}"
EndProject
Project("{FAE04EC0-301F-11D3-BF4B-00C04F79EFBC}") = "Stealphiz 17-01", "Assembly-CSharp-Editor.csproj", "{51939A68-1775-8724-82A7-2C6035F78409}"
EndProject
Global
	GlobalSection(SolutionConfigurationPlatforms) = preSolution
		Debug|Any CPU = Debug|Any CPU
		Release|Any CPU = Release|Any CPU
	EndGlobalSection
	GlobalSection(ProjectConfigurationPlatforms) = postSolution
		{16889814-3C38-82F8-EECA-1EE70DCFF8F0}.Debug|Any CPU.ActiveCfg = Debug|Any CPU
		{16889814-3C38-82F8-EECA-1EE70DCFF8F0}.Debug|Any CPU.Build.0 = Debug|Any CPU
		{16889814-3C38-82F8-EECA-1EE70DCFF8F0}.Release|Any CPU.ActiveCfg = Release|Any CPU
		{16889814-3C38-82F8-EECA-1EE70DCFF8F0}.Release|Any CPU.Build.0 = Release|Any CPU
		{51939A68-1775-8724-82A7-2C6035F78409}.Debug|Any CPU.ActiveCfg = Debug|Any CPU
		{51939A68-1775-8724-82A7-2C6035F78409}.Debug|Any CPU.Build.0 = Debug|Any CPU
		{51939A68-1775-8724-82A7-2C6035F78409}.Release|Any CPU.ActiveCfg = Release|Any CPU
		{51939A68-1775-8724-82A7-2C6035F78409}.Release|Any CPU.Build.0 = Release|Any CPU
	EndGlobalSection
	GlobalSection(SolutionProperties) = preSolution
		HideSolutionNode = FALSE
	EndGlobalSection
	GlobalSection(MonoDevelopProperties) = preSolution
		StartupItem = Assembly-CSharp.csproj
	EndGlobalSection
EndGlobal
